
Microsoft Visual Studio Solution File, Format Version 12.00
# Visual Studio Version 17
VisualStudioVersion = 17.14.36401.2
MinimumVisualStudioVersion = 10.0.40219.1
Project("{FAE04EC0-301F-11D3-BF4B-00C04F79EFBC}") = "DeviceManagement.Api", "DeviceManagement.Api.csproj", "{90E5B18C-1D53-44F8-9697-0B3EFBD69AE1}"
EndProject
Project("{FAE04EC0-301F-11D3-BF4B-00C04F79EFBC}") = "DeviceManagement.Api.Tests", "..\DeviceManagement.Api.Tests\DeviceManagement.Api.Tests.csproj", "{DC0FFB20-31D5-4848-8229-87B59DCE2C62}"
EndProject
Global
	GlobalSection(SolutionConfigurationPlatforms) = preSolution
		Debug|Any CPU = Debug|Any CPU
		Release|Any CPU = Release|Any CPU
	EndGlobalSection
	GlobalSection(ProjectConfigurationPlatforms) = postSolution
		{90E5B18C-1D53-44F8-9697-0B3EFBD69AE1}.Debug|Any CPU.ActiveCfg = Debug|Any CPU
		{90E5B18C-1D53-44F8-9697-0B3EFBD69AE1}.Debug|Any CPU.Build.0 = Debug|Any CPU
		{90E5B18C-1D53-44F8-9697-0B3EFBD69AE1}.Release|Any CPU.ActiveCfg = Release|Any CPU
		{90E5B18C-1D53-44F8-9697-0B3EFBD69AE1}.Release|Any CPU.Build.0 = Release|Any CPU
		{DC0FFB20-31D5-4848-8229-87B59DCE2C62}.Debug|Any CPU.ActiveCfg = Debug|Any CPU
		{DC0FFB20-31D5-4848-8229-87B59DCE2C62}.Debug|Any CPU.Build.0 = Debug|Any CPU
		{DC0FFB20-31D5-4848-8229-87B59DCE2C62}.Release|Any CPU.ActiveCfg = Release|Any CPU
		{DC0FFB20-31D5-4848-8229-87B59DCE2C62}.Release|Any CPU.Build.0 = Release|Any CPU
	EndGlobalSection
	GlobalSection(SolutionProperties) = preSolution
		HideSolutionNode = FALSE
	EndGlobalSection
	GlobalSection(ExtensibilityGlobals) = postSolution
		SolutionGuid = {D81EB1D0-AB11-4807-973C-667C773D7773}
	EndGlobalSection
EndGlobal
